
Microsoft Visual Studio Solution File, Format Version 12.00
# Visual Studio Version 16
VisualStudioVersion = 16.0.31729.503
MinimumVisualStudioVersion = 10.0.40219.1
Project("{FAE04EC0-301F-11D3-BF4B-00C04F79EFBC}") = "NewExpProject", "NewExpProject\NewExpProject.csproj", "{B8466305-85F9-476B-A1A8-3DB8755CFF8C}"
EndProject
Global
	GlobalSection(SolutionConfigurationPlatforms) = preSolution
		Debug|Any CPU = Debug|Any CPU
		Release|Any CPU = Release|Any CPU
	EndGlobalSection
	GlobalSection(ProjectConfigurationPlatforms) = postSolution
		{B8466305-85F9-476B-A1A8-3DB8755CFF8C}.Debug|Any CPU.ActiveCfg = Debug|Any CPU
		{B8466305-85F9-476B-A1A8-3DB8755CFF8C}.Debug|Any CPU.Build.0 = Debug|Any CPU
		{B8466305-85F9-476B-A1A8-3DB8755CFF8C}.Release|Any CPU.ActiveCfg = Release|Any CPU
		{B8466305-85F9-476B-A1A8-3DB8755CFF8C}.Release|Any CPU.Build.0 = Release|Any CPU
	EndGlobalSection
	GlobalSection(SolutionProperties) = preSolution
		HideSolutionNode = FALSE
	EndGlobalSection
	GlobalSection(ExtensibilityGlobals) = postSolution
		SolutionGuid = {BDE77440-9BE5-4245-9C42-1343134114C3}
	EndGlobalSection
EndGlobal
